
Microsoft Visual Studio Solution File, Format Version 12.00
# Visual Studio Version 16
VisualStudioVersion = 16.0.30011.22
MinimumVisualStudioVersion = 10.0.40219.1
Project("{888888A0-9F3D-457C-B088-3A5042F75D52}") = "life_game", "life_game\life_game.pyproj", "{7CAFCCEA-05AB-4478-9ADF-05BBD0002AEA}"
EndProject
Global
	GlobalSection(SolutionConfigurationPlatforms) = preSolution
		Debug|Any CPU = Debug|Any CPU
		Release|Any CPU = Release|Any CPU
	EndGlobalSection
	GlobalSection(ProjectConfigurationPlatforms) = postSolution
		{7CAFCCEA-05AB-4478-9ADF-05BBD0002AEA}.Debug|Any CPU.ActiveCfg = Debug|Any CPU
		{7CAFCCEA-05AB-4478-9ADF-05BBD0002AEA}.Release|Any CPU.ActiveCfg = Release|Any CPU
	EndGlobalSection
	GlobalSection(SolutionProperties) = preSolution
		HideSolutionNode = FALSE
	EndGlobalSection
	GlobalSection(ExtensibilityGlobals) = postSolution
		SolutionGuid = {11A310AC-3E53-467E-A09A-74903E6003A0}
	EndGlobalSection
EndGlobal
